
Microsoft Visual Studio Solution File, Format Version 12.00
Project("{FAE04EC0-301F-11D3-BF4B-00C04F79EFBC}") = "Day3", "Day3\Day3.csproj", "{4959EA0F-E639-4B45-8E1B-313D39C49949}"
EndProject
Project("{FAE04EC0-301F-11D3-BF4B-00C04F79EFBC}") = "Day4", "Day4\Day4.csproj", "{4DFB4C95-7B1D-4340-8574-7077CB5FAD4A}"
EndProject
Project("{FAE04EC0-301F-11D3-BF4B-00C04F79EFBC}") = "Day5", "Day5\Day5.csproj", "{4C9994AE-F005-4F59-9A24-C0674A5FDF5F}"
EndProject
Project("{FAE04EC0-301F-11D3-BF4B-00C04F79EFBC}") = "Day6", "Day6\Day6.csproj", "{BB1FC90A-675B-4EFE-A669-6276F129D11D}"
EndProject
Project("{FAE04EC0-301F-11D3-BF4B-00C04F79EFBC}") = "Day7", "Day7\Day7.csproj", "{01244E35-894E-4CA5-B004-D855497CF020}"
EndProject
Project("{FAE04EC0-301F-11D3-BF4B-00C04F79EFBC}") = "Day8", "Day8\Day8.csproj", "{26057DE9-BBAE-4DE6-A011-0E69D03EBDEB}"
Project("{FAE04EC0-301F-11D3-BF4B-00C04F79EFBC}") = "AdventOfCode", "AdventOfCode\AdventOfCode.csproj", "{99FEE54B-F0AD-4348-9C9C-18A9E49C7220}"
EndProject
Global
	GlobalSection(SolutionConfigurationPlatforms) = preSolution
		Debug|Any CPU = Debug|Any CPU
		Release|Any CPU = Release|Any CPU
	EndGlobalSection
	GlobalSection(ProjectConfigurationPlatforms) = postSolution
		{4959EA0F-E639-4B45-8E1B-313D39C49949}.Debug|Any CPU.ActiveCfg = Debug|Any CPU
		{4959EA0F-E639-4B45-8E1B-313D39C49949}.Debug|Any CPU.Build.0 = Debug|Any CPU
		{4959EA0F-E639-4B45-8E1B-313D39C49949}.Release|Any CPU.ActiveCfg = Release|Any CPU
		{4959EA0F-E639-4B45-8E1B-313D39C49949}.Release|Any CPU.Build.0 = Release|Any CPU
		{4DFB4C95-7B1D-4340-8574-7077CB5FAD4A}.Debug|Any CPU.ActiveCfg = Debug|Any CPU
		{4DFB4C95-7B1D-4340-8574-7077CB5FAD4A}.Debug|Any CPU.Build.0 = Debug|Any CPU
		{4DFB4C95-7B1D-4340-8574-7077CB5FAD4A}.Release|Any CPU.ActiveCfg = Release|Any CPU
		{4DFB4C95-7B1D-4340-8574-7077CB5FAD4A}.Release|Any CPU.Build.0 = Release|Any CPU
		{4C9994AE-F005-4F59-9A24-C0674A5FDF5F}.Debug|Any CPU.ActiveCfg = Debug|Any CPU
		{4C9994AE-F005-4F59-9A24-C0674A5FDF5F}.Debug|Any CPU.Build.0 = Debug|Any CPU
		{4C9994AE-F005-4F59-9A24-C0674A5FDF5F}.Release|Any CPU.ActiveCfg = Release|Any CPU
		{4C9994AE-F005-4F59-9A24-C0674A5FDF5F}.Release|Any CPU.Build.0 = Release|Any CPU
		{BB1FC90A-675B-4EFE-A669-6276F129D11D}.Debug|Any CPU.ActiveCfg = Debug|Any CPU
		{BB1FC90A-675B-4EFE-A669-6276F129D11D}.Debug|Any CPU.Build.0 = Debug|Any CPU
		{BB1FC90A-675B-4EFE-A669-6276F129D11D}.Release|Any CPU.ActiveCfg = Release|Any CPU
		{BB1FC90A-675B-4EFE-A669-6276F129D11D}.Release|Any CPU.Build.0 = Release|Any CPU
		{01244E35-894E-4CA5-B004-D855497CF020}.Debug|Any CPU.ActiveCfg = Debug|Any CPU
		{01244E35-894E-4CA5-B004-D855497CF020}.Debug|Any CPU.Build.0 = Debug|Any CPU
		{01244E35-894E-4CA5-B004-D855497CF020}.Release|Any CPU.ActiveCfg = Release|Any CPU
		{01244E35-894E-4CA5-B004-D855497CF020}.Release|Any CPU.Build.0 = Release|Any CPU
		{26057DE9-BBAE-4DE6-A011-0E69D03EBDEB}.Debug|Any CPU.ActiveCfg = Debug|Any CPU
		{26057DE9-BBAE-4DE6-A011-0E69D03EBDEB}.Debug|Any CPU.Build.0 = Debug|Any CPU
		{26057DE9-BBAE-4DE6-A011-0E69D03EBDEB}.Release|Any CPU.ActiveCfg = Release|Any CPU
		{26057DE9-BBAE-4DE6-A011-0E69D03EBDEB}.Release|Any CPU.Build.0 = Release|Any CPU
		{99FEE54B-F0AD-4348-9C9C-18A9E49C7220}.Debug|Any CPU.ActiveCfg = Debug|Any CPU
		{99FEE54B-F0AD-4348-9C9C-18A9E49C7220}.Debug|Any CPU.Build.0 = Debug|Any CPU
		{99FEE54B-F0AD-4348-9C9C-18A9E49C7220}.Release|Any CPU.ActiveCfg = Release|Any CPU
		{99FEE54B-F0AD-4348-9C9C-18A9E49C7220}.Release|Any CPU.Build.0 = Release|Any CPU
	EndGlobalSection
EndGlobal
